{
  "name": "signtimepkie",
  "version": "1.0.0",
  "lockfileVersion": 1,
  "requires": true,
  "dependencies": {
    "await-exec": {
      "version": "0.1.2",
      "resolved": "https://registry.npmjs.org/await-exec/-/await-exec-0.1.2.tgz",
      "integrity": "sha512-BQUiyBLScS0+YPnnCZZGjb78mZ8sQ8aKgxarDPNw05rpbaCS7VIQSLy2tgjZKct9Dn1xLbKMXOpA98OWei90zA=="
    },
    "os-tmpdir": {
      "version": "1.0.2",
      "resolved": "https://registry.npmjs.org/os-tmpdir/-/os-tmpdir-1.0.2.tgz",
      "integrity": "sha1-u+Z0BseaqFxc/sdm/lc0VV36EnQ="
    },
    "pki-express": {
      "version": "1.10.2",
      "resolved": "https://registry.npmjs.org/pki-express/-/pki-express-1.10.2.tgz",
      "integrity": "sha512-hzCnMOW6LmwB8e40D+MAV3m1QWxb0OAbiRjbMAGLdSt1EZZystF/LOUOQxewBRhNabNSfjdnSi6rP20QFNGqBA==",
      "requires": {
        "tmp": "^0.0.33"
      }
    },
    "tmp": {
      "version": "0.0.33",
      "resolved": "https://registry.npmjs.org/tmp/-/tmp-0.0.33.tgz",
      "integrity": "sha512-jRCJlojKnZ3addtTOjdIqoRuPEKBvNXcGYqzO6zWZX8KfKEpnGY5jfggJQ3EjKuu8D4bJRr0y+cYJFmYbImXGw==",
      "requires": {
        "os-tmpdir": "~1.0.2"
      }
    }
  }
}
