
Microsoft Visual Studio Solution File, Format Version 12.00
# Visual Studio Version 16
VisualStudioVersion = 16.0.30104.148
MinimumVisualStudioVersion = 10.0.40219.1
Project("{FAE04EC0-301F-11D3-BF4B-00C04F79EFBC}") = "ReceituarioSimples", "ReceituarioSimples\ReceituarioSimples.csproj", "{F4C2C8CD-7EB4-48C7-85AD-705F173F0071}"
EndProject
Global
	GlobalSection(SolutionConfigurationPlatforms) = preSolution
		Debug|Any CPU = Debug|Any CPU
		Release|Any CPU = Release|Any CPU
	EndGlobalSection
	GlobalSection(ProjectConfigurationPlatforms) = postSolution
		{F4C2C8CD-7EB4-48C7-85AD-705F173F0071}.Debug|Any CPU.ActiveCfg = Debug|Any CPU
		{F4C2C8CD-7EB4-48C7-85AD-705F173F0071}.Debug|Any CPU.Build.0 = Debug|Any CPU
		{F4C2C8CD-7EB4-48C7-85AD-705F173F0071}.Release|Any CPU.ActiveCfg = Release|Any CPU
		{F4C2C8CD-7EB4-48C7-85AD-705F173F0071}.Release|Any CPU.Build.0 = Release|Any CPU
	EndGlobalSection
	GlobalSection(SolutionProperties) = preSolution
		HideSolutionNode = FALSE
	EndGlobalSection
	GlobalSection(ExtensibilityGlobals) = postSolution
		SolutionGuid = {AE04702C-BE42-4449-AA2B-52115C579100}
	EndGlobalSection
EndGlobal
